version = 1
revision = 3
requires-python = ">=3.14"

[[package]]
name = "basedpyright"
version = "1.29.5"
source = { registry = "https://pypi.org/simple" }
dependencies = [
    { name = "nodejs-wheel-binaries" },
]
sdist = { url = "https://files.pythonhosted.org/packages/76/4f/c0c12169a5373006ecd6bb8dfe1f8e4f2fd2d508be64b74b860a3f88baf3/basedpyright-1.29.5.tar.gz", hash = "sha256:468ad6305472a2b368a1f383c7914e9e4ff3173db719067e1575cf41ed7b5a36", size = 21962194, upload-time = "2025-06-30T10:39:58.973Z" }
wheels = [
    { url = "https://files.pythonhosted.org/packages/e9/a3/8293e5af46df07f76732aa33f3ceb8a7097c846d03257c74c0f5f4d69107/basedpyright-1.29.5-py3-none-any.whl", hash = "sha256:e7eee13bec8b3c20d718c6f3ef1e2d57fb04621408e742aa8c82a1bd82fe325b", size = 11476874, upload-time = "2025-06-30T10:39:54.662Z" },
]

[[package]]
name = "codespell"
version = "2.4.1"
source = { registry = "https://pypi.org/simple" }
sdist = { url = "https://files.pythonhosted.org/packages/15/e0/709453393c0ea77d007d907dd436b3ee262e28b30995ea1aa36c6ffbccaf/codespell-2.4.1.tar.gz", hash = "sha256:299fcdcb09d23e81e35a671bbe746d5ad7e8385972e65dbb833a2eaac33c01e5", size = 344740, upload-time = "2025-01-28T18:52:39.411Z" }
wheels = [
    { url = "https://files.pythonhosted.org/packages/20/01/b394922252051e97aab231d416c86da3d8a6d781eeadcdca1082867de64e/codespell-2.4.1-py3-none-any.whl", hash = "sha256:3dadafa67df7e4a3dbf51e0d7315061b80d265f9552ebd699b3dd6834b47e425", size = 344501, upload-time = "2025-01-28T18:52:37.057Z" },
]

[[package]]
name = "colorama"
version = "0.4.6"
source = { registry = "https://pypi.org/simple" }
sdist = { url = "https://files.pythonhosted.org/packages/d8/53/6f443c9a4a8358a93a6792e2acffb9d9d5cb0a5cfd8802644b7b1c9a02e4/colorama-0.4.6.tar.gz", hash = "sha256:08695f5cb7ed6e0531a20572697297273c47b8cae5a63ffc6d6ed5c201be6e44", size = 27697, upload-time = "2022-10-25T02:36:22.414Z" }
wheels = [
    { url = "https://files.pythonhosted.org/packages/d1/d6/3965ed04c63042e047cb6a3e6ed1a63a35087b6a609aa3a15ed8ac56c221/colorama-0.4.6-py2.py3-none-any.whl", hash = "sha256:4f1d9991f5acc0ca119f9d443620b77f9d6b33703e51011c16baf57afb285fc6", size = 25335, upload-time = "2022-10-25T02:36:20.889Z" },
]

[[package]]
name = "flowmark"
source = { editable = "." }
dependencies = [
    { name = "pathspec" },
    { name = "platformdirs" },
    { name = "rapidfuzz" },
    { name = "strif" },
    { name = "typing-extensions" },
]

[package.dev-dependencies]
dev = [
    { name = "basedpyright" },
    { name = "codespell" },
    { name = "funlog" },
    { name = "pytest" },
    { name = "pytest-sugar" },
    { name = "rich" },
    { name = "ruff" },
]

[package.metadata]
requires-dist = [
    { name = "pathspec", specifier = ">=0.12.1" },
    { name = "platformdirs", specifier = ">=4.2" },
    { name = "rapidfuzz", specifier = ">=3.9" },
    { name = "strif", specifier = ">=3.0.1" },
    { name = "tomli", marker = "python_full_version < '3.11'", specifier = ">=2.0.0" },
    { name = "typing-extensions", specifier = ">=4.12.2" },
]

[package.metadata.requires-dev]
dev = [
    { name = "basedpyright", specifier = "==1.29.5" },
    { name = "codespell", specifier = ">=2.4.1" },
    { name = "funlog", specifier = ">=0.2.1" },
    { name = "pytest", specifier = ">=8.3.5" },
    { name = "pytest-sugar", specifier = ">=1.0.0" },
    { name = "rich", specifier = ">=14.0.0" },
    { name = "ruff", specifier = ">=0.11.9" },
]

[[package]]
name = "funlog"
version = "0.2.1"
source = { registry = "https://pypi.org/simple" }
sdist = { url = "https://files.pythonhosted.org/packages/22/46/4ab8e6d87ab6aae6f1eafdd2f891c009e95e295bec2df8cd0b2f06870417/funlog-0.2.1.tar.gz", hash = "sha256:16f89e9c499077b374b4986a7c7dfc9fcd21ef40eb757fefff1a3631fdddf16f", size = 25691, upload-time = "2025-03-28T18:55:45.341Z" }
wheels = [
    { url = "https://files.pythonhosted.org/packages/d8/af/420b08227bd021f80008520aa20a001120e71042342801d0c782a6615a39/funlog-0.2.1-py3-none-any.whl", hash = "sha256:eed8d206c21ee8dc96137b4df51689470682d4700f6f99a1a6133a0e065f3798", size = 9399, upload-time = "2025-03-28T18:55:43.733Z" },
]

[[package]]
name = "iniconfig"
version = "2.3.0"
source = { registry = "https://pypi.org/simple" }
sdist = { url = "https://files.pythonhosted.org/packages/72/34/14ca021ce8e5dfedc35312d08ba8bf51fdd999c576889fc2c24cb97f4f10/iniconfig-2.3.0.tar.gz", hash = "sha256:c76315c77db068650d49c5b56314774a7804df16fee4402c1f19d6d15d8c4730", size = 20503, upload-time = "2025-10-18T21:55:43.219Z" }
wheels = [
    { url = "https://files.pythonhosted.org/packages/cb/b1/3846dd7f199d53cb17f49cba7e651e9ce294d8497c8c150530ed11865bb8/iniconfig-2.3.0-py3-none-any.whl", hash = "sha256:f631c04d2c48c52b84d0d0549c99ff3859c98df65b3101406327ecc7d53fbf12", size = 7484, upload-time = "2025-10-18T21:55:41.639Z" },
]

[[package]]
name = "markdown-it-py"
version = "4.0.0"
source = { registry = "https://pypi.org/simple" }
dependencies = [
    { name = "mdurl" },
]
sdist = { url = "https://files.pythonhosted.org/packages/5b/f5/4ec618ed16cc4f8fb3b701563655a69816155e79e24a17b651541804721d/markdown_it_py-4.0.0.tar.gz", hash = "sha256:cb0a2b4aa34f932c007117b194e945bd74e0ec24133ceb5bac59009cda1cb9f3", size = 73070, upload-time = "2025-08-11T12:57:52.854Z" }
wheels = [
    { url = "https://files.pythonhosted.org/packages/94/54/e7d793b573f298e1c9013b8c4dade17d481164aa517d1d7148619c2cedbf/markdown_it_py-4.0.0-py3-none-any.whl", hash = "sha256:87327c59b172c5011896038353a81343b6754500a08cd7a4973bb48c6d578147", size = 87321, upload-time = "2025-08-11T12:57:51.923Z" },
]

[[package]]
name = "mdurl"
version = "0.1.2"
source = { registry = "https://pypi.org/simple" }
sdist = { url = "https://files.pythonhosted.org/packages/d6/54/cfe61301667036ec958cb99bd3efefba235e65cdeb9c84d24a8293ba1d90/mdurl-0.1.2.tar.gz", hash = "sha256:bb413d29f5eea38f31dd4754dd7377d4465116fb207585f97bf925588687c1ba", size = 8729, upload-time = "2022-08-14T12:40:10.846Z" }
wheels = [
    { url = "https://files.pythonhosted.org/packages/b3/38/89ba8ad64ae25be8de66a6d463314cf1eb366222074cfda9ee839c56a4b4/mdurl-0.1.2-py3-none-any.whl", hash = "sha256:84008a41e51615a49fc9966191ff91509e3c40b939176e643fd50a5c2196b8f8", size = 9979, upload-time = "2022-08-14T12:40:09.779Z" },
]

[[package]]
name = "nodejs-wheel-binaries"
version = "24.13.0"
source = { registry = "https://pypi.org/simple" }
sdist = { url = "https://files.pythonhosted.org/packages/b7/f1/73182280e2c05f49a7c2c8dbd46144efe3f74f03f798fb90da67b4a93bbf/nodejs_wheel_binaries-24.13.0.tar.gz", hash = "sha256:766aed076e900061b83d3e76ad48bfec32a035ef0d41bd09c55e832eb93ef7a4", size = 8056, upload-time = "2026-01-14T11:05:33.653Z" }
wheels = [
    { url = "https://files.pythonhosted.org/packages/c4/dc/4d7548aa74a5b446d093f03aff4fb236b570959d793f21c9c42ab6ad870a/nodejs_wheel_binaries-24.13.0-py2.py3-none-macosx_13_0_arm64.whl", hash = "sha256:356654baa37bfd894e447e7e00268db403ea1d223863963459a0fbcaaa1d9d48", size = 55133268, upload-time = "2026-01-14T11:05:05.335Z" },
    { url = "https://files.pythonhosted.org/packages/24/8a/8a4454d28339487240dd2232f42f1090e4a58544c581792d427f6239798c/nodejs_wheel_binaries-24.13.0-py2.py3-none-macosx_13_0_x86_64.whl", hash = "sha256:92fdef7376120e575f8b397789bafcb13bbd22a1b4d21b060d200b14910f22a5", size = 55314800, upload-time = "2026-01-14T11:05:09.121Z" },
    { url = "https://files.pythonhosted.org/packages/e7/fb/46c600fcc748bd13bc536a735f11532a003b14f5c4dfd6865f5911672175/nodejs_wheel_binaries-24.13.0-py2.py3-none-manylinux_2_28_aarch64.whl", hash = "sha256:3f619ac140e039ecd25f2f71d6e83ad1414017a24608531851b7c31dc140cdfd", size = 59666320, upload-time = "2026-01-14T11:05:12.369Z" },
    { url = "https://files.pythonhosted.org/packages/85/47/d48f11fc5d1541ace5d806c62a45738a1db9ce33e85a06fe4cd3d9ce83f6/nodejs_wheel_binaries-24.13.0-py2.py3-none-manylinux_2_28_x86_64.whl", hash = "sha256:dfb31ebc2c129538192ddb5bedd3d63d6de5d271437cd39ea26bf3fe229ba430", size = 60162447, upload-time = "2026-01-14T11:05:16.003Z" },
    { url = "https://files.pythonhosted.org/packages/b1/74/d285c579ae8157c925b577dde429543963b845e69cd006549e062d1cf5b6/nodejs_wheel_binaries-24.13.0-py2.py3-none-musllinux_1_2_aarch64.whl", hash = "sha256:fdd720d7b378d5bb9b2710457bbc880d4c4d1270a94f13fbe257198ac707f358", size = 61659994, upload-time = "2026-01-14T11:05:19.68Z" },
    { url = "https://files.pythonhosted.org/packages/ba/97/88b4254a2ff93ed2eaed725f77b7d3d2d8d7973bf134359ce786db894faf/nodejs_wheel_binaries-24.13.0-py2.py3-none-musllinux_1_2_x86_64.whl", hash = "sha256:9ad6383613f3485a75b054647a09f1cd56d12380d7459184eebcf4a5d403f35c", size = 62244373, upload-time = "2026-01-14T11:05:23.987Z" },
    { url = "https://files.pythonhosted.org/packages/4e/c3/0e13a3da78f08cb58650971a6957ac7bfef84164b405176e53ab1e3584e2/nodejs_wheel_binaries-24.13.0-py2.py3-none-win_amd64.whl", hash = "sha256:605be4763e3ef427a3385a55da5a1bcf0a659aa2716eebbf23f332926d7e5f23", size = 41345528, upload-time = "2026-01-14T11:05:27.67Z" },
    { url = "https://files.pythonhosted.org/packages/a3/f1/0578d65b4e3dc572967fd702221ea1f42e1e60accfb6b0dd8d8f15410139/nodejs_wheel_binaries-24.13.0-py2.py3-none-win_arm64.whl", hash = "sha256:2e3431d869d6b2dbeef1d469ad0090babbdcc8baaa72c01dd3cc2c6121c96af5", size = 39054688, upload-time = "2026-01-14T11:05:30.739Z" },
]

[[package]]
name = "packaging"
version = "25.0"
source = { registry = "https://pypi.org/simple" }
sdist = { url = "https://files.pythonhosted.org/packages/a1/d4/1fc4078c65507b51b96ca8f8c3ba19e6a61c8253c72794544580a7b6c24d/packaging-25.0.tar.gz", hash = "sha256:d443872c98d677bf60f6a1f2f8c1cb748e8fe762d2bf9d3148b5599295b0fc4f", size = 165727, upload-time = "2025-04-19T11:48:59.673Z" }
wheels = [
    { url = "https://files.pythonhosted.org/packages/20/12/38679034af332785aac8774540895e234f4d07f7545804097de4b666afd8/packaging-25.0-py3-none-any.whl", hash = "sha256:29572ef2b1f17581046b3a2227d5c611fb25ec70ca1ba8554b24b0e69331a484", size = 66469, upload-time = "2025-04-19T11:48:57.875Z" },
]

[[package]]
name = "pathspec"
version = "1.0.4"
source = { registry = "https://pypi.org/simple" }
sdist = { url = "https://files.pythonhosted.org/packages/fa/36/e27608899f9b8d4dff0617b2d9ab17ca5608956ca44461ac14ac48b44015/pathspec-1.0.4.tar.gz", hash = "sha256:0210e2ae8a21a9137c0d470578cb0e595af87edaa6ebf12ff176f14a02e0e645", size = 131200, upload-time = "2026-01-27T03:59:46.938Z" }
wheels = [
    { url = "https://files.pythonhosted.org/packages/ef/3c/2c197d226f9ea224a9ab8d197933f9da0ae0aac5b6e0f884e2b8d9c8e9f7/pathspec-1.0.4-py3-none-any.whl", hash = "sha256:fb6ae2fd4e7c921a165808a552060e722767cfa526f99ca5156ed2ce45a5c723", size = 55206, upload-time = "2026-01-27T03:59:45.137Z" },
]

[[package]]
name = "platformdirs"
version = "4.11.8"
source = { registry = "https://pypi.org/simple" }
sdist = { url = "https://files.pythonhosted.org/packages/53/18/f3bb8ef0d3b930692343da8aa4d3cbcd6749477c053959395ac81965a6e9/platformdirs-4.11.8.tar.gz", hash = "sha256:f23abafea7dd4276d1f29104b83598d7dcc567cafd07c9c951e66665645437fc", size = 37182, upload-time = "2026-09-08T22:20:42.866Z" }
wheels = [
    { url = "https://files.pythonhosted.org/packages/f4/e1/5b7b8bbb55084d1425bcb9bc823ff519e1b2be05f6ebb0089e2eacc38413/platformdirs-4.11.8-py3-none-any.whl", hash = "sha256:52f2f181bbfde907966932cc8312d967d02976422d66d537ea16092b8e291081", size = 24027, upload-time = "2026-09-08T22:20:41.537Z" },
]

[[package]]
name = "pluggy"
version = "1.6.0"
source = { registry = "https://pypi.org/simple" }
sdist = { url = "https://files.pythonhosted.org/packages/f9/e2/3e91f31a7d2b083fe6ef3fa267035b518369d9511ffab804f839851d2779/pluggy-1.6.0.tar.gz", hash = "sha256:7dcc130b76258d33b90f61b658791dede3486c3e6bfb003ee5c9bfb396dd22f3", size = 69412, upload-time = "2025-05-15T12:30:07.975Z" }
wheels = [
    { url = "https://files.pythonhosted.org/packages/54/20/4d324d65cc6d9205fabedc306948156824eb9f0ee1633355a8f7ec5c66bf/pluggy-1.6.0-py3-none-any.whl", hash = "sha256:e920276dd6813095e9377c0bc5566d94c932c33b27a3e3945d8389c374dd4746", size = 20538, upload-time = "2025-05-15T12:30:06.134Z" },
]

[[package]]
name = "pygments"
version = "2.19.2"
source = { registry = "https://pypi.org/simple" }
sdist = { url = "https://files.pythonhosted.org/packages/b0/77/a5b8c569bf593b0140bde72ea885a803b82086995367bf2037de0159d924/pygments-2.19.2.tar.gz", hash = "sha256:636cb2477cec7f8952536970bc533bc43743542f70392ae026374600add5b887", size = 4968631, upload-time = "2025-06-21T13:39:12.283Z" }
wheels = [
    { url = "https://files.pythonhosted.org/packages/c7/21/705964c7812476f378728bdf590ca4b771ec72385c533964653c68e86bdc/pygments-2.19.2-py3-none-any.whl", hash = "sha256:86540386c03d588bb81d44bc3928634ff26449851e99741617ecb9037ee5ec0b", size = 1225217, upload-time = "2025-06-21T13:39:07.939Z" },
]

[[package]]
name = "pytest"
version = "9.0.2"
source = { registry = "https://pypi.org/simple" }
dependencies = [
    { name = "colorama", marker = "sys_platform == 'win32'" },
    { name = "iniconfig" },
    { name = "packaging" },
    { name = "pluggy" },
    { name = "pygments" },
]
sdist = { url = "https://files.pythonhosted.org/packages/d1/db/7ef3487e0fb0049ddb5ce41d3a49c235bf9ad299b6a25d5780a89f19230f/pytest-9.0.2.tar.gz", hash = "sha256:75186651a92bd89611d1d9fc20f0b4345fd827c41ccd5c299a868a05d70edf11", size = 1568901, upload-time = "2025-12-06T21:30:51.014Z" }
wheels = [
    { url = "https://files.pythonhosted.org/packages/3b/ab/b3226f0bd7cdcf710fbede2b3548584366da3b19b5021e74f5bde2a8fa3f/pytest-9.0.2-py3-none-any.whl", hash = "sha256:711ffd45bf766d5264d487b917733b453d917afd2b0ad65223959f59089f875b", size = 374801, upload-time = "2025-12-06T21:30:49.154Z" },
]

[[package]]
name = "pytest-sugar"
version = "1.1.1"
source = { registry = "https://pypi.org/simple" }
dependencies = [
    { name = "pytest" },
    { name = "termcolor" },
]
sdist = { url = "https://files.pythonhosted.org/packages/0b/4e/60fed105549297ba1a700e1ea7b828044842ea27d72c898990510b79b0e2/pytest-sugar-1.1.1.tar.gz", hash = "sha256:73b8b65163ebf10f9f671efab9eed3d56f20d2ca68bda83fa64740a92c08f65d", size = 16533, upload-time = "2025-08-23T12:19:35.737Z" }
wheels = [
    { url = "https://files.pythonhosted.org/packages/87/d5/81d38a91c1fdafb6711f053f5a9b92ff788013b19821257c2c38c1e132df/pytest_sugar-1.1.1-py3-none-any.whl", hash = "sha256:2f8319b907548d5b9d03a171515c1d43d2e38e32bd8182a1781eb20b43344cc8", size = 11440, upload-time = "2025-08-23T12:19:34.894Z" },
]

[[package]]
name = "rapidfuzz"
version = "3.14.6"
source = { registry = "https://pypi.org/simple" }
sdist = { url = "https://files.pythonhosted.org/packages/18/97/226c43b7b5d957bc3840ed52ea99eed261f99834c4619be7a4742cbaeafa/rapidfuzz-3.14.6.tar.gz", hash = "sha256:e13a8160d017b499ec7a2fa9d0ce1ae2e7377080815785819f966fb235d4eb60", size = 57955060, upload-time = "2026-08-30T21:45:51.097Z" }
wheels = [
    { url = "https://files.pythonhosted.org/packages/67/9e/8f862d2c8d80ee02633f1c9ce3e5121ce955e61efae24a61a05dd8a55fef/rapidfuzz-3.14.6-cp314-cp314-macosx_10_15_x86_64.whl", hash = "sha256:0f8d6718e7edacdb16455c0472e7552fd518decb91e91250c58784fd6163f54f", size = 1964420, upload-time = "2026-08-30T21:43:26.328Z" },
    { url = "https://files.pythonhosted.org/packages/3e/28/282e8c76b7dcc91e8f5aa1a594168d2136639f29dfda11384c6d36aabca0/rapidfuzz-3.14.6-cp314-cp314-macosx_11_0_arm64.whl", hash = "sha256:8fa7d45388dec34a86038f2a38380f4922b74b5dd8991247f629a531178db10f", size = 1246072, upload-time = "2026-08-30T21:43:28.475Z" },
    { url = "https://files.pythonhosted.org/packages/4b/ae/8e0f714c55180667d66346e46a3d680dd9809bcee1c5f03557a58b4f2ef6/rapidfuzz-3.14.6-cp314-cp314-manylinux_2_26_aarch64.manylinux_2_28_aarch64.whl", hash = "sha256:760ee152af5e8b4d241a469f933ba2d7215248618ae19770fec7d80d9e149db6", size = 1381829, upload-time = "2026-08-30T21:43:30.67Z" },
    { url = "https://files.pythonhosted.org/packages/eb/9a/4a106d68033a81c24ab71129e3016cc6a27a668f30f436e729cae79048e5/rapidfuzz-3.14.6-cp314-cp314-manylinux_2_26_ppc64le.manylinux_2_28_ppc64le.whl", hash = "sha256:dbe3378db3ae0453accf6196e2ed943f43d416cfacdcb8883db105bc14a0130f", size = 1676195, upload-time = "2026-08-30T21:43:32.862Z" },
    { url = "https://files.pythonhosted.org/packages/6e/f0/b456a74d8e33051b76b3f156cf4d55f717614d68b44b6312ae1f5d85b31d/rapidfuzz-3.14.6-cp314-cp314-manylinux_2_26_s390x.manylinux_2_28_s390x.whl", hash = "sha256:9ddb0ddf3ee616fdc066add4ef05639c5cf59b58d83779b6023488e5435f6191", size = 2714364, upload-time = "2026-08-30T21:43:35.003Z" },
    { url = "https://files.pythonhosted.org/packages/6d/56/1203b46cedefc3f0c16e10d87123fdd4ec0f2e209f65cd2bf221ec669217/rapidfuzz-3.14.6-cp314-cp314-manylinux_2_27_x86_64.manylinux_2_28_x86_64.whl", hash = "sha256:08bc63b88048376114d1e66cf8fa6926495d03bb873eb87854fa74cf6848a70b", size = 3167618, upload-time = "2026-08-30T21:43:37.625Z" },
    { url = "https://files.pythonhosted.org/packages/57/17/fa4a0853979b885ff27488d9b80e7c5c985dfed74c5021ea95a3b54ddfad/rapidfuzz-3.14.6-cp314-cp314-manylinux_2_39_riscv64.whl", hash = "sha256:50cd6718bcda7ec5293635a9d0b3fb5906251013d3b99ca403ba9dfa8965f661", size = 1471360, upload-time = "2026-08-30T21:43:39.852Z" },
    { url = "https://files.pythonhosted.org/packages/7d/f2/757615ab88f7922b4477f9c93356c4512d744ea042e3e2b41554aab5ec1e/rapidfuzz-3.14.6-cp314-cp314-musllinux_1_2_aarch64.whl", hash = "sha256:63b0e84faec3c5706cae8ae51246ff103407d54efa32a615a548b7b67392ebcf", size = 2403946, upload-time = "2026-08-30T21:43:42.038Z" },
    { url = "https://files.pythonhosted.org/packages/8f/c3/1c2670ff528f7e625d7b552e7ebccd5c4dfdcb84dc08ee85d1bcc0cf1465/rapidfuzz-3.14.6-cp314-cp314-musllinux_1_2_ppc64le.whl", hash = "sha256:9080a730fdcf3cb8a07464c90f9cf40c1b4ffc73a8375b56a8898aba619dda30", size = 2793123, upload-time = "2026-08-30T21:43:44.438Z" },
    { url = "https://files.pythonhosted.org/packages/5d/92/a01444687bb9a5a2679aa71325c227760e9c475cd02054b45fd8b219cb0c/rapidfuzz-3.14.6-cp314-cp314-musllinux_1_2_riscv64.whl", hash = "sha256:178557c7a50c8c8d65369ede7f3d845bf23590a951c9a368caf166b105d58cf3", size = 2507361, upload-time = "2026-08-30T21:43:46.568Z" },
    { url = "https://files.pythonhosted.org/packages/98/90/43d80ba73fd297c744f7fe0a949af2a610b4b9be96688799c3e73d002b13/rapidfuzz-3.14.6-cp314-cp314-musllinux_1_2_s390x.whl", hash = "sha256:44f1cddbc2010700e2d88063d0ab64183efe2578d9b52770ce1cd283dda230c5", size = 3304287, upload-time = "2026-08-30T21:43:48.966Z" },
    { url = "https://files.pythonhosted.org/packages/5d/e9/fd9a160699b72b6857551642fe109a1d0a86b06b7ecc0d2b4bbecbc6b61b/rapidfuzz-3.14.6-cp314-cp314-musllinux_1_2_x86_64.whl", hash = "sha256:17081a0e904c12bb4ed49619a2bbb6528f6af00fe850e7ace22487bfd2aea455", size = 4273338, upload-time = "2026-08-30T21:43:51.574Z" },
    { url = "https://files.pythonhosted.org/packages/d0/72/3bc42217fadd07ea0ff9d249cc8001d6f285197c253db95d3a03aac8c254/rapidfuzz-3.14.6-cp314-cp314-win32.whl", hash = "sha256:9e00c8c9500aacbc0c52b66369f54533ecbdcb92e5aa87e160fc8e293000a696", size = 1927357, upload-time = "2026-08-30T21:43:53.851Z" },
    { url = "https://files.pythonhosted.org/packages/57/8d/3ea3bf93a2f22858e1b1298126db35cbf58592d05571ca757f2f16071b17/rapidfuzz-3.14.6-cp314-cp314-win_amd64.whl", hash = "sha256:41ee893c4d7d0fb1844f6cad966540a833784b3bad2c239a0d80195d9231cef4", size = 1783090, upload-time = "2026-08-30T21:43:56.202Z" },
    { url = "https://files.pythonhosted.org/packages/13/17/4add9d94236b37b6f857a3bf34d696b32304e3debc6830584fda95413ac6/rapidfuzz-3.14.6-cp314-cp314-win_arm64.whl", hash = "sha256:10576c39fe6a49fad0bf1069371a77300ce166a3f36d2900d2d0bae08f297104", size = 1221915, upload-time = "2026-08-30T21:43:58.335Z" },
    { url = "https://files.pythonhosted.org/packages/23/a4/af0509bffac37645841e2a6b55a4c6c46f7b2fc0757610b0cba0cbcfa900/rapidfuzz-3.14.6-cp314-cp314t-macosx_10_15_x86_64.whl", hash = "sha256:1b0a9546a7328d3cfc2f1385501db7c4c374fb566dc1a3b22ad56092846c0134", size = 1994141, upload-time = "2026-08-30T21:44:00.931Z" },
    { url = "https://files.pythonhosted.org/packages/67/da/d46da45e393937509111d4affa4db794fb064341735cfdcffe1f5f13a78a/rapidfuzz-3.14.6-cp314-cp314t-macosx_11_0_arm64.whl", hash = "sha256:9989280902b9c4ecf7de95fbb906e94df0d8c047290ed315c7aa1760cec9b3de", size = 1279969, upload-time = "2026-08-30T21:44:03.253Z" },
    { url = "https://files.pythonhosted.org/packages/4a/8a/1db5582d5c9684c57b1e292dc88d70177233b570e684fe30736140697658/rapidfuzz-3.14.6-cp314-cp314t-manylinux_2_26_aarch64.manylinux_2_28_aarch64.whl", hash = "sha256:fc166efa4ca2fc9cc52e43784a54cbea95fc0e03e533f8266ef66b1c04c7cb76", size = 1381099, upload-time = "2026-08-30T21:44:05.402Z" },
    { url = "https://files.pythonhosted.org/packages/06/9b/a9dba69d174b4436c115fcd877a67745d355a859109e0f59955c14577519/rapidfuzz-3.14.6-cp314-cp314t-manylinux_2_26_ppc64le.manylinux_2_28_ppc64le.whl", hash = "sha256:32352a3ed1aad9c097d31fd4f2eece3030169e2de3dedde7a2fadc2652b768ad", size = 1638869, upload-time = "2026-08-30T21:44:07.51Z" },
    { url = "https://files.pythonhosted.org/packages/61/34/67915218f5f84ec2cda57560d81425929b8ea97956eb31283bf95768fefc/rapidfuzz-3.14.6-cp314-cp314t-manylinux_2_26_s390x.manylinux_2_28_s390x.whl", hash = "sha256:ecb45d616002751b58914d5b7c2e66acd39e12242be12717a1258148a1b36526", size = 2687831, upload-time = "2026-08-30T21:44:09.709Z" },
    { url = "https://files.pythonhosted.org/packages/5e/80/07985e10b534dbdd48df0ddf2e42f9d27cf98dc44e09fe047fc4b38471f5/rapidfuzz-3.14.6-cp314-cp314t-manylinux_2_27_x86_64.manylinux_2_28_x86_64.whl", hash = "sha256:6f9ad513e3a3e045b60b421d5cd3887ae0a33b38fc6c6db3ea5e27c0a2e0412c", size = 3185373, upload-time = "2026-08-30T21:44:12.162Z" },
    { url = "https://files.pythonhosted.org/packages/91/09/db64291ce5f11c0f79486b435b49f5dc66680f605077cb011d282bf767b4/rapidfuzz-3.14.6-cp314-cp314t-manylinux_2_39_riscv64.whl", hash = "sha256:f35723caef8cc31b6f34209708fb172fc88bab0077c12e9b36bbb829baaf1b16", size = 1459628, upload-time = "2026-08-30T21:44:14.427Z" },
    { url = "https://files.pythonhosted.org/packages/d0/99/7eeaf6f7f42d4ec8b90db54c73f7c2a727e208b4db6fd5ea807e87133b9c/rapidfuzz-3.14.6-cp314-cp314t-musllinux_1_2_aarch64.whl", hash = "sha256:408b2e8e8c1ac71b57f0923cf964d6932539725e07b69e70ec66f22c4a403891", size = 2407348, upload-time = "2026-08-30T21:44:16.832Z" },
    { url = "https://files.pythonhosted.org/packages/19/bb/db04caff7bf26718e97592f8cc007988ef18eb088ebb0742addcb25f0819/rapidfuzz-3.14.6-cp314-cp314t-musllinux_1_2_ppc64le.whl", hash = "sha256:5667c56fdc902fa1e12449b5c042e8b1c7e9b30040db20c396fbdb3d0a750866", size = 2758630, upload-time = "2026-08-30T21:44:19.196Z" },
    { url = "https://files.pythonhosted.org/packages/3f/26/962fc396a56ec37146eb5331e55ae53d19dc564fd921f49a6d524c83ee05/rapidfuzz-3.14.6-cp314-cp314t-musllinux_1_2_riscv64.whl", hash = "sha256:76a122fc573df603deb5fb827df31bb5efbd0826b50bb7aeca8535a6e8c70cf9", size = 2494519, upload-time = "2026-08-30T21:44:21.687Z" },
    { url = "https://files.pythonhosted.org/packages/83/0f/d2067e23d9b7fb2aeb70a6b36173f0b2376635483f670aa5c47f17e55135/rapidfuzz-3.14.6-cp314-cp314t-musllinux_1_2_s390x.whl", hash = "sha256:e221366e24709b9d41d5f9cc99053b04cfc575d429e956a82cfbc4c4e9e8860a", size = 3262241, upload-time = "2026-08-30T21:44:24.218Z" },
    { url = "https://files.pythonhosted.org/packages/ce/bd/05e48e21b1dd722b41c0cb8ab8867996f6e0c0a1b46e42921ace09799b0c/rapidfuzz-3.14.6-cp314-cp314t-musllinux_1_2_x86_64.whl", hash = "sha256:36710ff214b7a8049d26a9c81d99948026593cacb47663742c4119072b651ecd", size = 4296246, upload-time = "2026-08-30T21:44:26.911Z" },
    { url = "https://files.pythonhosted.org/packages/12/ce/f4b355f05b17bdb3a56f1c5e9bd864965dbb810f93d1b5d6044ecfcbd42d/rapidfuzz-3.14.6-cp314-cp314t-win32.whl", hash = "sha256:66ece6f5e2586c742fc3e0b8487e06783d27c6c24adcdcfdd7f306afbd8b5737", size = 1977694, upload-time = "2026-08-30T21:44:29.431Z" },
    { url = "https://files.pythonhosted.org/packages/4a/15/d2c20c57b357ec4157e74a197b3f622dbda0b2a82d1fc708ed7b262758f9/rapidfuzz-3.14.6-cp314-cp314t-win_amd64.whl", hash = "sha256:cab4a932cec02d09471e2c9f1434049ef5bfe1f6e646ff10939c222dc610ad60", size = 1827262, upload-time = "2026-08-30T21:44:31.683Z" },
    { url = "https://files.pythonhosted.org/packages/15/e5/c38c19fbc1de82980e05bd3adbe1dc7f3dd0680e38e868646082317572d6/rapidfuzz-3.14.6-cp314-cp314t-win_arm64.whl", hash = "sha256:b056ce19eaea2ea70c6a6fb387a605ca2af8979de5b9d507597e8012820ddb14", size = 1245604, upload-time = "2026-08-30T21:44:34.066Z" },
    { url = "https://files.pythonhosted.org/packages/10/37/b015bf56f88e9b18b81ad462f610e70cc1145a9df39154fcbe7ddf9f8868/rapidfuzz-3.14.6-cp315-cp315-macosx_10_15_x86_64.whl", hash = "sha256:bc3d74d18543ddfbc8babe1faadb19927a7999fd0d01181cce9e721c14c36ab6", size = 1964451, upload-time = "2026-08-30T21:44:36.695Z" },
    { url = "https://files.pythonhosted.org/packages/d2/1a/7b88284d85b4f7dfdf3038263e11eb11871472aa32902c7063a5fdd7a7c5/rapidfuzz-3.14.6-cp315-cp315-macosx_11_0_arm64.whl", hash = "sha256:aaa83b633d877a05d549d2073629134998d1b3b9dbc114873d3ff4277984979f", size = 1245701, upload-time = "2026-08-30T21:44:38.841Z" },
    { url = "https://files.pythonhosted.org/packages/a7/f3/444d939f4b6c3c86f67083cb792978f3f42c28f944e66e9152e910cd212a/rapidfuzz-3.14.6-cp315-cp315-manylinux_2_26_aarch64.manylinux_2_28_aarch64.whl", hash = "sha256:cbe6a62f71fcbca72acbf5a30e53380600369f257f951d664d81d30c0c598595", size = 1382770, upload-time = "2026-08-30T21:44:40.978Z" },
    { url = "https://files.pythonhosted.org/packages/23/a8/1830f07f7d3fcc56508135f130dbd24a917ddedb71107b04b2fbb33d5da9/rapidfuzz-3.14.6-cp315-cp315-manylinux_2_27_x86_64.manylinux_2_28_x86_64.whl", hash = "sha256:b82c21c30568e096ef2a9dda7d45c379e6141694e0472dac73bc4372ce13ccee", size = 3163591, upload-time = "2026-08-30T21:44:43.513Z" },
    { url = "https://files.pythonhosted.org/packages/10/e8/da76d94af820707dcbfce224b635fb7c389c19525426c31645c97bedd601/rapidfuzz-3.14.6-cp315-cp315-manylinux_2_39_riscv64.whl", hash = "sha256:fc950bb77105a2717d03d9f9c9e21e9ace7df2b8e864dd91edef7e32fa143be2", size = 1467985, upload-time = "2026-08-30T21:44:45.871Z" },
    { url = "https://files.pythonhosted.org/packages/30/75/5cfc0d1491e3c60a8669e8e2b78942c4f395cccabfb9c73bc8b209664e29/rapidfuzz-3.14.6-cp315-cp315-musllinux_1_2_aarch64.whl", hash = "sha256:c53a269bdbd71ffbc856d3db9e609478251001ee272507578fa838bc2bd421fe", size = 2405269, upload-time = "2026-08-30T21:44:48.376Z" },
    { url = "https://files.pythonhosted.org/packages/c3/81/9c522c26cfe1909714eb840856106f1e419a44c4e0de034a3eeb873da00b/rapidfuzz-3.14.6-cp315-cp315-musllinux_1_2_riscv64.whl", hash = "sha256:bf4fb0f19c9dfce7a908c3e309753602ce3edb83bb74e9ff997e278765bf89df", size = 2507334, upload-time = "2026-08-30T21:44:50.903Z" },
    { url = "https://files.pythonhosted.org/packages/40/29/0bbd158eeddf05e5b581f89bf7c9f0cf330953579309b3806862d360a454/rapidfuzz-3.14.6-cp315-cp315-musllinux_1_2_x86_64.whl", hash = "sha256:189ce2bf14938bfa003fbbe7e6da7584ed6ebbc4c560686255dbc20e2829f470", size = 4270388, upload-time = "2026-08-30T21:44:55.271Z" },
    { url = "https://files.pythonhosted.org/packages/be/be/2b67b32988cb96b7fa9461ff3436e275716df00f7817212ed0a1c1779062/rapidfuzz-3.14.6-cp315-cp315-win32.whl", hash = "sha256:7ca0f498bf771a87557e6d8b573aa6cf3daded58ae2eaeb6973618ce3e1615ad", size = 1927539, upload-time = "2026-08-30T21:44:57.796Z" },
    { url = "https://files.pythonhosted.org/packages/51/42/640e1bd16422392fbb6394def1f7dfd4d05bd13c986016ce4b3f91295430/rapidfuzz-3.14.6-cp315-cp315-win_amd64.whl", hash = "sha256:d4c5adb921b67dd79ffc0a14f92b9f8df3d012e66aab340b154ed87014229d93", size = 1783415, upload-time = "2026-08-30T21:45:00.091Z" },
    { url = "https://files.pythonhosted.org/packages/06/ba/c6966904eb7b3d1c6344e6c29245447625d156b11e9757b29adc3cb46037/rapidfuzz-3.14.6-cp315-cp315-win_arm64.whl", hash = "sha256:c9d135fb93709d707577da8a7a8ffc7283525a5b6d0ce55aa3724be5639ed65b", size = 1221931, upload-time = "2026-08-30T21:45:02.531Z" },
    { url = "https://files.pythonhosted.org/packages/ae/97/6dd7f10756eb703e11803c5c838191c2151112f632e29f5eacb1ed1cf86c/rapidfuzz-3.14.6-cp315-cp315t-macosx_10_15_x86_64.whl", hash = "sha256:dd89abd1c4b3776c3471a817216830bd275441c8344bbda5d51a3bffe1e0fbdf", size = 1985107, upload-time = "2026-08-30T21:45:04.965Z" },
    { url = "https://files.pythonhosted.org/packages/75/4a/be587adefd9539a89cc6016bac44d222cda4c8212856759c82501fd89e4a/rapidfuzz-3.14.6-cp315-cp315t-macosx_11_0_arm64.whl", hash = "sha256:eab2d4680d7f438dbb1d484b187d59a943edea9c83f792c764a0c148a417a60a", size = 1272093, upload-time = "2026-08-30T21:45:07.304Z" },
    { url = "https://files.pythonhosted.org/packages/de/3f/982b2f1b2a16c46d4598829b6b2d7185921f146d5893630f917cb9d27542/rapidfuzz-3.14.6-cp315-cp315t-manylinux_2_26_aarch64.manylinux_2_28_aarch64.whl", hash = "sha256:8683fefdd3484d64a191b3efbc8cbe9162c3eac891fd62d0a1b70e117ffcd434", size = 1371112, upload-time = "2026-08-30T21:45:09.699Z" },
    { url = "https://files.pythonhosted.org/packages/e6/12/2a1fe61cb9f0ac0dc4166bcb016df695047e75251481a197d47aa5ce8ea5/rapidfuzz-3.14.6-cp315-cp315t-manylinux_2_27_x86_64.manylinux_2_28_x86_64.whl", hash = "sha256:2bc7af3a699371a941aac86dc8a79ac92adeb3c2add2aab02230e76068a0029e", size = 3175780, upload-time = "2026-08-30T21:45:12.266Z" },
    { url = "https://files.pythonhosted.org/packages/8d/01/abd33d0b7595643e598802a07466af388f1560d7b7cb70f442cc292f4067/rapidfuzz-3.14.6-cp315-cp315t-manylinux_2_39_riscv64.whl", hash = "sha256:40c2753e2d4dc96b25f8a25adc23ab0bb6cfd8bc8125a1753ac4b037d6ff6511", size = 1458364, upload-time = "2026-08-30T21:45:14.68Z" },
    { url = "https://files.pythonhosted.org/packages/9d/8e/efc98b0cfb540f41661f6a8bf21b67807e221102e5e8fb1585233b39a3bd/rapidfuzz-3.14.6-cp315-cp315t-musllinux_1_2_aarch64.whl", hash = "sha256:36a37ddc729c33618d89fa221d3333b9b956dc38cf15d31301e6169d962399a3", size = 2398037, upload-time = "2026-08-30T21:45:17.434Z" },
    { url = "https://files.pythonhosted.org/packages/7f/c1/4d89214a453215d897cc76cd6e13937c8ea5dc9f8217993fe2b1eeaf39a5/rapidfuzz-3.14.6-cp315-cp315t-musllinux_1_2_riscv64.whl", hash = "sha256:635f242f4bdf05d1477fa409815bd73e5f78896773ace84997bc472ffeef685f", size = 2497044, upload-time = "2026-08-30T21:45:20.328Z" },
    { url = "https://files.pythonhosted.org/packages/a9/2d/70aacf6cb577470bdd6f06890d25ecb7ee8a56baa07b114d5877a93ecedd/rapidfuzz-3.14.6-cp315-cp315t-musllinux_1_2_x86_64.whl", hash = "sha256:40d0cd9c82083aeb30bae8dee265ae571e6748d0d7b222ddd777f33d95a3b712", size = 4284741, upload-time = "2026-08-30T21:45:22.983Z" },
    { url = "https://files.pythonhosted.org/packages/92/7d/943a04a134a5d333c00d3a77169226defef5e081be9219a765afc176dda0/rapidfuzz-3.14.6-cp315-cp315t-win32.whl", hash = "sha256:15da2b258908eb38853c1a6a58a1d09d9aad9c721e03a68c8ba691cd31dff739", size = 1974478, upload-time = "2026-08-30T21:45:25.475Z" },
    { url = "https://files.pythonhosted.org/packages/21/0e/8356ca3e190e2bcced9b80e374d95b0925c4716b51e65720a55399983f41/rapidfuzz-3.14.6-cp315-cp315t-win_amd64.whl", hash = "sha256:3d502769263318690d4f6638b08483979d1b88cdc7c6f087482eea935fde4031", size = 1823286, upload-time = "2026-08-30T21:45:28.368Z" },
    { url = "https://files.pythonhosted.org/packages/fb/04/a0b0e6324b6384d1ab40feb4d16400af3b3101d38cbd15957edd9d17cbe0/rapidfuzz-3.14.6-cp315-cp315t-win_arm64.whl", hash = "sha256:07c7aa0b1e4b9999a54f9e73317d6743ff85442c8ef7b7fbbe6b190fd37d9e75", size = 1243815, upload-time = "2026-08-30T21:45:31.187Z" },
]

[[package]]
name = "rich"
version = "14.2.0"
source = { registry = "https://pypi.org/simple" }
dependencies = [
    { name = "markdown-it-py" },
    { name = "pygments" },
]
sdist = { url = "https://files.pythonhosted.org/packages/fb/d2/8920e102050a0de7bfabeb4c4614a49248cf8d5d7a8d01885fbb24dc767a/rich-14.2.0.tar.gz", hash = "sha256:73ff50c7c0c1c77c8243079283f4edb376f0f6442433aecb8ce7e6d0b92d1fe4", size = 219990, upload-time = "2025-10-09T14:16:53.064Z" }
wheels = [
    { url = "https://files.pythonhosted.org/packages/25/7a/b0178788f8dc6cafce37a212c99565fa1fe7872c70c6c9c1e1a372d9d88f/rich-14.2.0-py3-none-any.whl", hash = "sha256:76bc51fe2e57d2b1be1f96c524b890b816e334ab4c1e45888799bfaab0021edd", size = 243393, upload-time = "2025-10-09T14:16:51.245Z" },
]

[[package]]
name = "ruff"
version = "0.14.11"
source = { registry = "https://pypi.org/simple" }
sdist = { url = "https://files.pythonhosted.org/packages/d4/77/9a7fe084d268f8855d493e5031ea03fa0af8cc05887f638bf1c4e3363eb8/ruff-0.14.11.tar.gz", hash = "sha256:f6dc463bfa5c07a59b1ff2c3b9767373e541346ea105503b4c0369c520a66958", size = 5993417, upload-time = "2026-01-08T19:11:58.322Z" }
wheels = [
    { url = "https://files.pythonhosted.org/packages/f0/a6/a4c40a5aaa7e331f245d2dc1ac8ece306681f52b636b40ef87c88b9f7afd/ruff-0.14.11-py3-none-linux_armv6l.whl", hash = "sha256:f6ff2d95cbd335841a7217bdfd9c1d2e44eac2c584197ab1385579d55ff8830e", size = 12951208, upload-time = "2026-01-08T19:12:09.218Z" },
    { url = "https://files.pythonhosted.org/packages/5c/5c/360a35cb7204b328b685d3129c08aca24765ff92b5a7efedbdd6c150d555/ruff-0.14.11-py3-none-macosx_10_12_x86_64.whl", hash = "sha256:6f6eb5c1c8033680f4172ea9c8d3706c156223010b8b97b05e82c59bdc774ee6", size = 13330075, upload-time = "2026-01-08T19:12:02.549Z" },
    { url = "https://files.pythonhosted.org/packages/1b/9e/0cc2f1be7a7d33cae541824cf3f95b4ff40d03557b575912b5b70273c9ec/ruff-0.14.11-py3-none-macosx_11_0_arm64.whl", hash = "sha256:f2fc34cc896f90080fca01259f96c566f74069a04b25b6205d55379d12a6855e", size = 12257809, upload-time = "2026-01-08T19:12:00.366Z" },
    { url = "https://files.pythonhosted.org/packages/a7/e5/5faab97c15bb75228d9f74637e775d26ac703cc2b4898564c01ab3637c02/ruff-0.14.11-py3-none-manylinux_2_17_aarch64.manylinux2014_aarch64.whl", hash = "sha256:53386375001773ae812b43205d6064dae49ff0968774e6befe16a994fc233caa", size = 12678447, upload-time = "2026-01-08T19:12:13.899Z" },
    { url = "https://files.pythonhosted.org/packages/1b/33/e9767f60a2bef779fb5855cab0af76c488e0ce90f7bb7b8a45c8a2ba4178/ruff-0.14.11-py3-none-manylinux_2_17_armv7l.manylinux2014_armv7l.whl", hash = "sha256:a697737dce1ca97a0a55b5ff0434ee7205943d4874d638fe3ae66166ff46edbe", size = 12758560, upload-time = "2026-01-08T19:11:42.55Z" },
    { url = "https://files.pythonhosted.org/packages/eb/84/4c6cf627a21462bb5102f7be2a320b084228ff26e105510cd2255ea868e5/ruff-0.14.11-py3-none-manylinux_2_17_i686.manylinux2014_i686.whl", hash = "sha256:6845ca1da8ab81ab1dce755a32ad13f1db72e7fba27c486d5d90d65e04d17b8f", size = 13599296, upload-time = "2026-01-08T19:11:30.371Z" },
    { url = "https://files.pythonhosted.org/packages/88/e1/92b5ed7ea66d849f6157e695dc23d5d6d982bd6aa8d077895652c38a7cae/ruff-0.14.11-py3-none-manylinux_2_17_ppc64.manylinux2014_ppc64.whl", hash = "sha256:e36ce2fd31b54065ec6f76cb08d60159e1b32bdf08507862e32f47e6dde8bcbf", size = 15048981, upload-time = "2026-01-08T19:12:04.742Z" },
    { url = "https://files.pythonhosted.org/packages/61/df/c1bd30992615ac17c2fb64b8a7376ca22c04a70555b5d05b8f717163cf9f/ruff-0.14.11-py3-none-manylinux_2_17_ppc64le.manylinux2014_ppc64le.whl", hash = "sha256:590bcc0e2097ecf74e62a5c10a6b71f008ad82eb97b0a0079e85defe19fe74d9", size = 14633183, upload-time = "2026-01-08T19:11:40.069Z" },
    { url = "https://files.pythonhosted.org/packages/04/e9/fe552902f25013dd28a5428a42347d9ad20c4b534834a325a28305747d64/ruff-0.14.11-py3-none-manylinux_2_17_s390x.manylinux2014_s390x.whl", hash = "sha256:53fe71125fc158210d57fe4da26e622c9c294022988d08d9347ec1cf782adafe", size = 14050453, upload-time = "2026-01-08T19:11:37.555Z" },
    { url = "https://files.pythonhosted.org/packages/ae/93/f36d89fa021543187f98991609ce6e47e24f35f008dfe1af01379d248a41/ruff-0.14.11-py3-none-manylinux_2_17_x86_64.manylinux2014_x86_64.whl", hash = "sha256:a35c9da08562f1598ded8470fcfef2afb5cf881996e6c0a502ceb61f4bc9c8a3", size = 13757889, upload-time = "2026-01-08T19:12:07.094Z" },
    { url = "https://files.pythonhosted.org/packages/b7/9f/c7fb6ecf554f28709a6a1f2a7f74750d400979e8cd47ed29feeaa1bd4db8/ruff-0.14.11-py3-none-manylinux_2_31_riscv64.whl", hash = "sha256:0f3727189a52179393ecf92ec7057c2210203e6af2676f08d92140d3e1ee72c1", size = 13955832, upload-time = "2026-01-08T19:11:55.064Z" },
    { url = "https://files.pythonhosted.org/packages/db/a0/153315310f250f76900a98278cf878c64dfb6d044e184491dd3289796734/ruff-0.14.11-py3-none-musllinux_1_2_aarch64.whl", hash = "sha256:eb09f849bd37147a789b85995ff734a6c4a095bed5fd1608c4f56afc3634cde2", size = 12586522, upload-time = "2026-01-08T19:11:35.356Z" },
    { url = "https://files.pythonhosted.org/packages/2f/2b/a73a2b6e6d2df1d74bf2b78098be1572191e54bec0e59e29382d13c3adc5/ruff-0.14.11-py3-none-musllinux_1_2_armv7l.whl", hash = "sha256:c61782543c1231bf71041461c1f28c64b961d457d0f238ac388e2ab173d7ecb7", size = 12724637, upload-time = "2026-01-08T19:11:47.796Z" },
    { url = "https://files.pythonhosted.org/packages/f0/41/09100590320394401cd3c48fc718a8ba71c7ddb1ffd07e0ad6576b3a3df2/ruff-0.14.11-py3-none-musllinux_1_2_i686.whl", hash = "sha256:82ff352ea68fb6766140381748e1f67f83c39860b6446966cff48a315c3e2491", size = 13145837, upload-time = "2026-01-08T19:11:32.87Z" },
    { url = "https://files.pythonhosted.org/packages/3b/d8/e035db859d1d3edf909381eb8ff3e89a672d6572e9454093538fe6f164b0/ruff-0.14.11-py3-none-musllinux_1_2_x86_64.whl", hash = "sha256:728e56879df4ca5b62a9dde2dd0eb0edda2a55160c0ea28c4025f18c03f86984", size = 13850469, upload-time = "2026-01-08T19:12:11.694Z" },
    { url = "https://files.pythonhosted.org/packages/4e/02/bb3ff8b6e6d02ce9e3740f4c17dfbbfb55f34c789c139e9cd91985f356c7/ruff-0.14.11-py3-none-win32.whl", hash = "sha256:337c5dd11f16ee52ae217757d9b82a26400be7efac883e9e852646f1557ed841", size = 12851094, upload-time = "2026-01-08T19:11:45.163Z" },
    { url = "https://files.pythonhosted.org/packages/58/f1/90ddc533918d3a2ad628bc3044cdfc094949e6d4b929220c3f0eb8a1c998/ruff-0.14.11-py3-none-win_amd64.whl", hash = "sha256:f981cea63d08456b2c070e64b79cb62f951aa1305282974d4d5216e6e0178ae6", size = 14001379, upload-time = "2026-01-08T19:11:52.591Z" },
    { url = "https://files.pythonhosted.org/packages/c4/1c/1dbe51782c0e1e9cfce1d1004752672d2d4629ea46945d19d731ad772b3b/ruff-0.14.11-py3-none-win_arm64.whl", hash = "sha256:649fb6c9edd7f751db276ef42df1f3df41c38d67d199570ae2a7bd6cbc3590f0", size = 12938644, upload-time = "2026-01-08T19:11:50.027Z" },
]

[[package]]
name = "strif"
version = "3.0.1"
source = { registry = "https://pypi.org/simple" }
sdist = { url = "https://files.pythonhosted.org/packages/5c/63/bf90e5632aea866c1bbd2567f04a7026191728c648ecf44ff489829898a3/strif-3.0.1.tar.gz", hash = "sha256:a312ea9540062ccd386132ac2eece93c0c4adaeb25a5f5da11eed7867b1ff31e", size = 33981, upload-time = "2025-05-04T18:40:27.713Z" }
wheels = [
    { url = "https://files.pythonhosted.org/packages/a4/fd/94ebfa518f46b473d238a8ad5837ce75cfe4ea0ce5a91544a88198d8a8d3/strif-3.0.1-py3-none-any.whl", hash = "sha256:5dca44af3ff2f8a947a0398b619d138014f4d29a5aaf6c7e73fe7bec5f5973da", size = 18446, upload-time = "2025-05-04T18:40:26.07Z" },
]

[[package]]
name = "termcolor"
version = "3.3.0"
source = { registry = "https://pypi.org/simple" }
sdist = { url = "https://files.pythonhosted.org/packages/46/79/cf31d7a93a8fdc6aa0fbb665be84426a8c5a557d9240b6239e9e11e35fc5/termcolor-3.3.0.tar.gz", hash = "sha256:348871ca648ec6a9a983a13ab626c0acce02f515b9e1983332b17af7979521c5", size = 14434, upload-time = "2025-12-29T12:55:21.882Z" }
wheels = [
    { url = "https://files.pythonhosted.org/packages/33/d1/8bb87d21e9aeb323cc03034f5eaf2c8f69841e40e4853c2627edf8111ed3/termcolor-3.3.0-py3-none-any.whl", hash = "sha256:cf642efadaf0a8ebbbf4bc7a31cec2f9b5f21a9f726f4ccbb08192c9c26f43a5", size = 7734, upload-time = "2025-12-29T12:55:20.718Z" },
]

[[package]]
name = "typing-extensions"
version = "4.15.0"
source = { registry = "https://pypi.org/simple" }
sdist = { url = "https://files.pythonhosted.org/packages/72/94/1a15dd82efb362ac84269196e94cf00f187f7ed21c242792a923cdb1c61f/typing_extensions-4.15.0.tar.gz", hash = "sha256:0cea48d173cc12fa28ecabc3b837ea3cf6f38c6d1136f85cbaaf598984861466", size = 109391, upload-time = "2025-08-25T13:49:26.313Z" }
wheels = [
    { url = "https://files.pythonhosted.org/packages/18/67/36e9267722cc04a6b9f15c7f3441c2363321a3ea07da7ae0c0707beb2a9c/typing_extensions-4.15.0-py3-none-any.whl", hash = "sha256:f0fa19c6845758ab08074a0cfa8b7aecb71c999ca73d62883bc25cc018c4e548", size = 44614, upload-time = "2025-08-25T13:49:24.86Z" },
]
