version = 1
revision = 3
requires-python = ">=3.14"

[[package]]
name = "basedpyright"
version = "1.29.5"
source = { registry = "https://pypi.org/simple" }
dependencies = [
    { name = "nodejs-wheel-binaries" },
]
sdist = { url = "https://files.pythonhosted.org/packages/76/4f/c0c12169a5373006ecd6bb8dfe1f8e4f2fd2d508be64b74b860a3f88baf3/basedpyright-1.29.5.tar.gz", hash = "sha256:468ad6305472a2b368a1f383c7914e9e4ff3173db719067e1575cf41ed7b5a36", size = 21962194, upload-time = "2025-06-30T10:39:58.973Z" }
wheels = [
    { url = "https://files.pythonhosted.org/packages/e9/a3/8293e5af46df07f76732aa33f3ceb8a7097c846d03257c74c0f5f4d69107/basedpyright-1.29.5-py3-none-any.whl", hash = "sha256:e7eee13bec8b3c20d718c6f3ef1e2d57fb04621408e742aa8c82a1bd82fe325b", size = 11476874, upload-time = "2025-06-30T10:39:54.662Z" },
]

[[package]]
name = "codespell"
version = "2.4.1"
source = { registry = "https://pypi.org/simple" }
sdist = { url = "https://files.pythonhosted.org/packages/15/e0/709453393c0ea77d007d907dd436b3ee262e28b30995ea1aa36c6ffbccaf/codespell-2.4.1.tar.gz", hash = "sha256:299fcdcb09d23e81e35a671bbe746d5ad7e8385972e65dbb833a2eaac33c01e5", size = 344740, upload-time = "2025-01-28T18:52:39.411Z" }
wheels = [
    { url = "https://files.pythonhosted.org/packages/20/01/b394922252051e97aab231d416c86da3d8a6d781eeadcdca1082867de64e/codespell-2.4.1-py3-none-any.whl", hash = "sha256:3dadafa67df7e4a3dbf51e0d7315061b80d265f9552ebd699b3dd6834b47e425", size = 344501, upload-time = "2025-01-28T18:52:37.057Z" },
]

[[package]]
name = "colorama"
version = "0.4.6"
source = { registry = "https://pypi.org/simple" }
sdist = { url = "https://files.pythonhosted.org/packages/d8/53/6f443c9a4a8358a93a6792e2acffb9d9d5cb0a5cfd8802644b7b1c9a02e4/colorama-0.4.6.tar.gz", hash = "sha256:08695f5cb7ed6e0531a20572697297273c47b8cae5a63ffc6d6ed5c201be6e44", size = 27697, upload-time = "2022-10-25T02:36:22.414Z" }
wheels = [
    { url = "https://files.pythonhosted.org/packages/d1/d6/3965ed04c63042e047cb6a3e6ed1a63a35087b6a609aa3a15ed8ac56c221/colorama-0.4.6-py2.py3-none-any.whl", hash = "sha256:4f1d9991f5acc0ca119f9d443620b77f9d6b33703e51011c16baf57afb285fc6", size = 25335, upload-time = "2022-10-25T02:36:20.889Z" },
]

[[package]]
name = "flowmark"
source = { editable = "." }
dependencies = [
    { name = "pathspec" },
    { name = "regex" },
    { name = "strif" },
    { name = "typing-extensions" },
]

[package.dev-dependencies]
dev = [
    { name = "basedpyright" },
    { name = "codespell" },
    { name = "funlog" },
    { name = "pytest" },
    { name = "pytest-sugar" },
    { name = "rich" },
    { name = "ruff" },
    { name = "types-regex" },
]

[package.metadata]
requires-dist = [
    { name = "pathspec", specifier = ">=0.12.1" },
    { name = "regex", specifier = ">=2024.11.6" },
    { name = "strif", specifier = ">=3.0.1" },
    { name = "tomli", marker = "python_full_version < '3.11'", specifier = ">=2.0.0" },
    { name = "typing-extensions", specifier = ">=4.12.2" },
]

[package.metadata.requires-dev]
dev = [
    { name = "basedpyright", specifier = "==1.29.5" },
    { name = "codespell", specifier = ">=2.4.1" },
    { name = "funlog", specifier = ">=0.2.1" },
    { name = "pytest", specifier = ">=8.3.5" },
    { name = "pytest-sugar", specifier = ">=1.0.0" },
    { name = "rich", specifier = ">=14.0.0" },
    { name = "ruff", specifier = ">=0.11.9" },
    { name = "types-regex", specifier = ">=2024.11.6" },
]

[[package]]
name = "funlog"
version = "0.2.1"
source = { registry = "https://pypi.org/simple" }
sdist = { url = "https://files.pythonhosted.org/packages/22/46/4ab8e6d87ab6aae6f1eafdd2f891c009e95e295bec2df8cd0b2f06870417/funlog-0.2.1.tar.gz", hash = "sha256:16f89e9c499077b374b4986a7c7dfc9fcd21ef40eb757fefff1a3631fdddf16f", size = 25691, upload-time = "2025-03-28T18:55:45.341Z" }
wheels = [
    { url = "https://files.pythonhosted.org/packages/d8/af/420b08227bd021f80008520aa20a001120e71042342801d0c782a6615a39/funlog-0.2.1-py3-none-any.whl", hash = "sha256:eed8d206c21ee8dc96137b4df51689470682d4700f6f99a1a6133a0e065f3798", size = 9399, upload-time = "2025-03-28T18:55:43.733Z" },
]

[[package]]
name = "iniconfig"
version = "2.3.0"
source = { registry = "https://pypi.org/simple" }
sdist = { url = "https://files.pythonhosted.org/packages/72/34/14ca021ce8e5dfedc35312d08ba8bf51fdd999c576889fc2c24cb97f4f10/iniconfig-2.3.0.tar.gz", hash = "sha256:c76315c77db068650d49c5b56314774a7804df16fee4402c1f19d6d15d8c4730", size = 20503, upload-time = "2025-10-18T21:55:43.219Z" }
wheels = [
    { url = "https://files.pythonhosted.org/packages/cb/b1/3846dd7f199d53cb17f49cba7e651e9ce294d8497c8c150530ed11865bb8/iniconfig-2.3.0-py3-none-any.whl", hash = "sha256:f631c04d2c48c52b84d0d0549c99ff3859c98df65b3101406327ecc7d53fbf12", size = 7484, upload-time = "2025-10-18T21:55:41.639Z" },
]

[[package]]
name = "markdown-it-py"
version = "4.0.0"
source = { registry = "https://pypi.org/simple" }
dependencies = [
    { name = "mdurl" },
]
sdist = { url = "https://files.pythonhosted.org/packages/5b/f5/4ec618ed16cc4f8fb3b701563655a69816155e79e24a17b651541804721d/markdown_it_py-4.0.0.tar.gz", hash = "sha256:cb0a2b4aa34f932c007117b194e945bd74e0ec24133ceb5bac59009cda1cb9f3", size = 73070, upload-time = "2025-08-11T12:57:52.854Z" }
wheels = [
    { url = "https://files.pythonhosted.org/packages/94/54/e7d793b573f298e1c9013b8c4dade17d481164aa517d1d7148619c2cedbf/markdown_it_py-4.0.0-py3-none-any.whl", hash = "sha256:87327c59b172c5011896038353a81343b6754500a08cd7a4973bb48c6d578147", size = 87321, upload-time = "2025-08-11T12:57:51.923Z" },
]

[[package]]
name = "mdurl"
version = "0.1.2"
source = { registry = "https://pypi.org/simple" }
sdist = { url = "https://files.pythonhosted.org/packages/d6/54/cfe61301667036ec958cb99bd3efefba235e65cdeb9c84d24a8293ba1d90/mdurl-0.1.2.tar.gz", hash = "sha256:bb413d29f5eea38f31dd4754dd7377d4465116fb207585f97bf925588687c1ba", size = 8729, upload-time = "2022-08-14T12:40:10.846Z" }
wheels = [
    { url = "https://files.pythonhosted.org/packages/b3/38/89ba8ad64ae25be8de66a6d463314cf1eb366222074cfda9ee839c56a4b4/mdurl-0.1.2-py3-none-any.whl", hash = "sha256:84008a41e51615a49fc9966191ff91509e3c40b939176e643fd50a5c2196b8f8", size = 9979, upload-time = "2022-08-14T12:40:09.779Z" },
]

[[package]]
name = "nodejs-wheel-binaries"
version = "24.13.0"
source = { registry = "https://pypi.org/simple" }
sdist = { url = "https://files.pythonhosted.org/packages/b7/f1/73182280e2c05f49a7c2c8dbd46144efe3f74f03f798fb90da67b4a93bbf/nodejs_wheel_binaries-24.13.0.tar.gz", hash = "sha256:766aed076e900061b83d3e76ad48bfec32a035ef0d41bd09c55e832eb93ef7a4", size = 8056, upload-time = "2026-01-14T11:05:33.653Z" }
wheels = [
    { url = "https://files.pythonhosted.org/packages/c4/dc/4d7548aa74a5b446d093f03aff4fb236b570959d793f21c9c42ab6ad870a/nodejs_wheel_binaries-24.13.0-py2.py3-none-macosx_13_0_arm64.whl", hash = "sha256:356654baa37bfd894e447e7e00268db403ea1d223863963459a0fbcaaa1d9d48", size = 55133268, upload-time = "2026-01-14T11:05:05.335Z" },
    { url = "https://files.pythonhosted.org/packages/24/8a/8a4454d28339487240dd2232f42f1090e4a58544c581792d427f6239798c/nodejs_wheel_binaries-24.13.0-py2.py3-none-macosx_13_0_x86_64.whl", hash = "sha256:92fdef7376120e575f8b397789bafcb13bbd22a1b4d21b060d200b14910f22a5", size = 55314800, upload-time = "2026-01-14T11:05:09.121Z" },
    { url = "https://files.pythonhosted.org/packages/e7/fb/46c600fcc748bd13bc536a735f11532a003b14f5c4dfd6865f5911672175/nodejs_wheel_binaries-24.13.0-py2.py3-none-manylinux_2_28_aarch64.whl", hash = "sha256:3f619ac140e039ecd25f2f71d6e83ad1414017a24608531851b7c31dc140cdfd", size = 59666320, upload-time = "2026-01-14T11:05:12.369Z" },
    { url = "https://files.pythonhosted.org/packages/85/47/d48f11fc5d1541ace5d806c62a45738a1db9ce33e85a06fe4cd3d9ce83f6/nodejs_wheel_binaries-24.13.0-py2.py3-none-manylinux_2_28_x86_64.whl", hash = "sha256:dfb31ebc2c129538192ddb5bedd3d63d6de5d271437cd39ea26bf3fe229ba430", size = 60162447, upload-time = "2026-01-14T11:05:16.003Z" },
    { url = "https://files.pythonhosted.org/packages/b1/74/d285c579ae8157c925b577dde429543963b845e69cd006549e062d1cf5b6/nodejs_wheel_binaries-24.13.0-py2.py3-none-musllinux_1_2_aarch64.whl", hash = "sha256:fdd720d7b378d5bb9b2710457bbc880d4c4d1270a94f13fbe257198ac707f358", size = 61659994, upload-time = "2026-01-14T11:05:19.68Z" },
    { url = "https://files.pythonhosted.org/packages/ba/97/88b4254a2ff93ed2eaed725f77b7d3d2d8d7973bf134359ce786db894faf/nodejs_wheel_binaries-24.13.0-py2.py3-none-musllinux_1_2_x86_64.whl", hash = "sha256:9ad6383613f3485a75b054647a09f1cd56d12380d7459184eebcf4a5d403f35c", size = 62244373, upload-time = "2026-01-14T11:05:23.987Z" },
    { url = "https://files.pythonhosted.org/packages/4e/c3/0e13a3da78f08cb58650971a6957ac7bfef84164b405176e53ab1e3584e2/nodejs_wheel_binaries-24.13.0-py2.py3-none-win_amd64.whl", hash = "sha256:605be4763e3ef427a3385a55da5a1bcf0a659aa2716eebbf23f332926d7e5f23", size = 41345528, upload-time = "2026-01-14T11:05:27.67Z" },
    { url = "https://files.pythonhosted.org/packages/a3/f1/0578d65b4e3dc572967fd702221ea1f42e1e60accfb6b0dd8d8f15410139/nodejs_wheel_binaries-24.13.0-py2.py3-none-win_arm64.whl", hash = "sha256:2e3431d869d6b2dbeef1d469ad0090babbdcc8baaa72c01dd3cc2c6121c96af5", size = 39054688, upload-time = "2026-01-14T11:05:30.739Z" },
]

[[package]]
name = "packaging"
version = "25.0"
source = { registry = "https://pypi.org/simple" }
sdist = { url = "https://files.pythonhosted.org/packages/a1/d4/1fc4078c65507b51b96ca8f8c3ba19e6a61c8253c72794544580a7b6c24d/packaging-25.0.tar.gz", hash = "sha256:d443872c98d677bf60f6a1f2f8c1cb748e8fe762d2bf9d3148b5599295b0fc4f", size = 165727, upload-time = "2025-04-19T11:48:59.673Z" }
wheels = [
    { url = "https://files.pythonhosted.org/packages/20/12/38679034af332785aac8774540895e234f4d07f7545804097de4b666afd8/packaging-25.0-py3-none-any.whl", hash = "sha256:29572ef2b1f17581046b3a2227d5c611fb25ec70ca1ba8554b24b0e69331a484", size = 66469, upload-time = "2025-04-19T11:48:57.875Z" },
]

[[package]]
name = "pathspec"
version = "1.0.4"
source = { registry = "https://pypi.org/simple" }
sdist = { url = "https://files.pythonhosted.org/packages/fa/36/e27608899f9b8d4dff0617b2d9ab17ca5608956ca44461ac14ac48b44015/pathspec-1.0.4.tar.gz", hash = "sha256:0210e2ae8a21a9137c0d470578cb0e595af87edaa6ebf12ff176f14a02e0e645", size = 131200, upload-time = "2026-01-27T03:59:46.938Z" }
wheels = [
    { url = "https://files.pythonhosted.org/packages/ef/3c/2c197d226f9ea224a9ab8d197933f9da0ae0aac5b6e0f884e2b8d9c8e9f7/pathspec-1.0.4-py3-none-any.whl", hash = "sha256:fb6ae2fd4e7c921a165808a552060e722767cfa526f99ca5156ed2ce45a5c723", size = 55206, upload-time = "2026-01-27T03:59:45.137Z" },
]

[[package]]
name = "pluggy"
version = "1.6.0"
source = { registry = "https://pypi.org/simple" }
sdist = { url = "https://files.pythonhosted.org/packages/f9/e2/3e91f31a7d2b083fe6ef3fa267035b518369d9511ffab804f839851d2779/pluggy-1.6.0.tar.gz", hash = "sha256:7dcc130b76258d33b90f61b658791dede3486c3e6bfb003ee5c9bfb396dd22f3", size = 69412, upload-time = "2025-05-15T12:30:07.975Z" }
wheels = [
    { url = "https://files.pythonhosted.org/packages/54/20/4d324d65cc6d9205fabedc306948156824eb9f0ee1633355a8f7ec5c66bf/pluggy-1.6.0-py3-none-any.whl", hash = "sha256:e920276dd6813095e9377c0bc5566d94c932c33b27a3e3945d8389c374dd4746", size = 20538, upload-time = "2025-05-15T12:30:06.134Z" },
]

[[package]]
name = "pygments"
version = "2.19.2"
source = { registry = "https://pypi.org/simple" }
sdist = { url = "https://files.pythonhosted.org/packages/b0/77/a5b8c569bf593b0140bde72ea885a803b82086995367bf2037de0159d924/pygments-2.19.2.tar.gz", hash = "sha256:636cb2477cec7f8952536970bc533bc43743542f70392ae026374600add5b887", size = 4968631, upload-time = "2025-06-21T13:39:12.283Z" }
wheels = [
    { url = "https://files.pythonhosted.org/packages/c7/21/705964c7812476f378728bdf590ca4b771ec72385c533964653c68e86bdc/pygments-2.19.2-py3-none-any.whl", hash = "sha256:86540386c03d588bb81d44bc3928634ff26449851e99741617ecb9037ee5ec0b", size = 1225217, upload-time = "2025-06-21T13:39:07.939Z" },
]

[[package]]
name = "pytest"
version = "9.0.2"
source = { registry = "https://pypi.org/simple" }
dependencies = [
    { name = "colorama", marker = "sys_platform == 'win32'" },
    { name = "iniconfig" },
    { name = "packaging" },
    { name = "pluggy" },
    { name = "pygments" },
]
sdist = { url = "https://files.pythonhosted.org/packages/d1/db/7ef3487e0fb0049ddb5ce41d3a49c235bf9ad299b6a25d5780a89f19230f/pytest-9.0.2.tar.gz", hash = "sha256:75186651a92bd89611d1d9fc20f0b4345fd827c41ccd5c299a868a05d70edf11", size = 1568901, upload-time = "2025-12-06T21:30:51.014Z" }
wheels = [
    { url = "https://files.pythonhosted.org/packages/3b/ab/b3226f0bd7cdcf710fbede2b3548584366da3b19b5021e74f5bde2a8fa3f/pytest-9.0.2-py3-none-any.whl", hash = "sha256:711ffd45bf766d5264d487b917733b453d917afd2b0ad65223959f59089f875b", size = 374801, upload-time = "2025-12-06T21:30:49.154Z" },
]

[[package]]
name = "pytest-sugar"
version = "1.1.1"
source = { registry = "https://pypi.org/simple" }
dependencies = [
    { name = "pytest" },
    { name = "termcolor" },
]
sdist = { url = "https://files.pythonhosted.org/packages/0b/4e/60fed105549297ba1a700e1ea7b828044842ea27d72c898990510b79b0e2/pytest-sugar-1.1.1.tar.gz", hash = "sha256:73b8b65163ebf10f9f671efab9eed3d56f20d2ca68bda83fa64740a92c08f65d", size = 16533, upload-time = "2025-08-23T12:19:35.737Z" }
wheels = [
    { url = "https://files.pythonhosted.org/packages/87/d5/81d38a91c1fdafb6711f053f5a9b92ff788013b19821257c2c38c1e132df/pytest_sugar-1.1.1-py3-none-any.whl", hash = "sha256:2f8319b907548d5b9d03a171515c1d43d2e38e32bd8182a1781eb20b43344cc8", size = 11440, upload-time = "2025-08-23T12:19:34.894Z" },
]

[[package]]
name = "regex"
version = "2026.1.14"
source = { registry = "https://pypi.org/simple" }
sdist = { url = "https://files.pythonhosted.org/packages/ad/f2/638ef50852dc5741dc3bb3c7d4e773d637bc20232965ef8b6e7f6f7d4445/regex-2026.1.14.tar.gz", hash = "sha256:7bdd569b6226498001619751abe6ba3c9e3050f79cfe097e84f25b2856120e78", size = 414813, upload-time = "2026-01-14T17:53:31.244Z" }
wheels = [
    { url = "https://files.pythonhosted.org/packages/7d/90/64dcf099f3efde2115ceb0a2482064d2630532a8c2b40c95d01f4b886d68/regex-2026.1.14-cp314-cp314-macosx_10_13_universal2.whl", hash = "sha256:c07bbee79ceb399ae4c8294b154fccdf2eefc1e86b157338d93e9e46ed327cd4", size = 489164, upload-time = "2026-01-14T17:52:19.811Z" },
    { url = "https://files.pythonhosted.org/packages/57/33/11f82bcf6df1477211390d3c55d9a65bbdf0454101fe6f101bbf428ed72e/regex-2026.1.14-cp314-cp314-macosx_10_13_x86_64.whl", hash = "sha256:ef59c01b8eab361b3e5768f491a0a59c6fc3b862d34d08ec9b78ce7b3f9c5d11", size = 291147, upload-time = "2026-01-14T17:52:21.146Z" },
    { url = "https://files.pythonhosted.org/packages/dc/b4/33df4bc04af4a7abf5754da3a1d131e9384e59ca4431d85af9f5cf7e040d/regex-2026.1.14-cp314-cp314-macosx_11_0_arm64.whl", hash = "sha256:db72aebb3eede342088f6940aea3cc59f2bbf93295b8a7c7a98fa293b20accc9", size = 288981, upload-time = "2026-01-14T17:52:22.675Z" },
    { url = "https://files.pythonhosted.org/packages/72/fd/d89b1425b9b420877eec3588d1abec08948e836461a16e4748be64078cda/regex-2026.1.14-cp314-cp314-manylinux2014_aarch64.manylinux_2_17_aarch64.manylinux_2_28_aarch64.whl", hash = "sha256:23da4da4a156d613946f197ad85da2c3ce3269166909249206dbfc6a62e27d4b", size = 799097, upload-time = "2026-01-14T17:52:24.081Z" },
    { url = "https://files.pythonhosted.org/packages/04/f0/149b80499a12a9ef525656a780abca8383b9689687afb3eef8f16d62574c/regex-2026.1.14-cp314-cp314-manylinux2014_ppc64le.manylinux_2_17_ppc64le.manylinux_2_28_ppc64le.whl", hash = "sha256:c59aaa581c86d0003a805843399fdd859e3803ee3f6bf694a96ede726b60d26c", size = 864980, upload-time = "2026-01-14T17:52:25.847Z" },
    { url = "https://files.pythonhosted.org/packages/ce/bb/bec2a2ba7e0120915b02d46b68c265938a235657baaf7be79746e0a40583/regex-2026.1.14-cp314-cp314-manylinux2014_s390x.manylinux_2_17_s390x.manylinux_2_28_s390x.whl", hash = "sha256:4176e42a6b940b704b25d804afc799c4f2cf88c245e71c111d91c9259a5a08bd", size = 911606, upload-time = "2026-01-14T17:52:27.529Z" },
    { url = "https://files.pythonhosted.org/packages/c3/49/fcb59ec88bf188632877ea18eca43bed95c49fd049a3a16f943dc48ec225/regex-2026.1.14-cp314-cp314-manylinux2014_x86_64.manylinux_2_17_x86_64.manylinux_2_28_x86_64.whl", hash = "sha256:336662753d92ecc68a6e5d557d5648550927c3927bb18959a6c336c6d2309b95", size = 803356, upload-time = "2026-01-14T17:52:29.031Z" },
    { url = "https://files.pythonhosted.org/packages/04/a3/a4e1873b32c7b4e9839edbf86d2369bbbd5759581481bf095eb561186acd/regex-2026.1.14-cp314-cp314-musllinux_1_2_aarch64.whl", hash = "sha256:d3f2da65a0552a244319cd0079f7dcbd7b18358c05ca803757f123b5315f9e2b", size = 788042, upload-time = "2026-01-14T17:52:30.546Z" },
    { url = "https://files.pythonhosted.org/packages/05/b9/0f3fcb32b9ac5467f3a6634fc867bb008670eabebc5dbf91c76d0ee63d1d/regex-2026.1.14-cp314-cp314-musllinux_1_2_ppc64le.whl", hash = "sha256:ea9cb3230eb1791b74530fe59a9ad1e41282eee27cddf9f765cb216f1a35b491", size = 859373, upload-time = "2026-01-14T17:52:32.11Z" },
    { url = "https://files.pythonhosted.org/packages/1f/f4/f1f7602b5e9a60fdabebaf5b6796b460a4820fbe932993467ae6c12bd8ac/regex-2026.1.14-cp314-cp314-musllinux_1_2_s390x.whl", hash = "sha256:00a41d01546c09bfd972492f4f45515cba5cd8b15d129e6f43b5e9b6bf5cf5db", size = 850110, upload-time = "2026-01-14T17:52:34.615Z" },
    { url = "https://files.pythonhosted.org/packages/b5/e4/96e231d977a95fe493931ee10b60352d7b0f25fe733660dd4ce34d7669dd/regex-2026.1.14-cp314-cp314-musllinux_1_2_x86_64.whl", hash = "sha256:a16876c16759e2030cbc2444d72a773ba9fb11c58ddf1411bceac3015e85ad62", size = 789584, upload-time = "2026-01-14T17:52:36.667Z" },
    { url = "https://files.pythonhosted.org/packages/94/3d/0d1cb4b3f20be9767c83ddb8e2c7041d9919363ffc50578231305e6ab768/regex-2026.1.14-cp314-cp314-win32.whl", hash = "sha256:0283db18f918b1b6627e5b9d018ea6cc90d25980d9c6ce0d60de3ea83047947e", size = 271689, upload-time = "2026-01-14T17:52:38.155Z" },
    { url = "https://files.pythonhosted.org/packages/65/a0/7c153b77d72b873e520905fecdf61456f78bad8c4a0c063420c643f76f9c/regex-2026.1.14-cp314-cp314-win_amd64.whl", hash = "sha256:f1c997e66c992bfabfb08581e7739568ffb76d2ced4344ff81783961e71ac5ea", size = 280418, upload-time = "2026-01-14T17:52:39.716Z" },
    { url = "https://files.pythonhosted.org/packages/91/98/77408d72e1bc4040007479c4553097b81c084faf2b53ae3bd20f216cc601/regex-2026.1.14-cp314-cp314-win_arm64.whl", hash = "sha256:1d6c1deddd7bf9793f87293edaa28a7e23f753dbfb5b0cafaa724ee87b2f854d", size = 273466, upload-time = "2026-01-14T17:52:41.096Z" },
    { url = "https://files.pythonhosted.org/packages/11/fe/16f795a7d49970393f43c1593a59057d9f0037858cd9797ca2e6965031e6/regex-2026.1.14-cp314-cp314t-macosx_10_13_universal2.whl", hash = "sha256:2cccc1a0d1c07dc5e7f65f042f17a678aa431b27d2c1b33983cdb52daf4e49a5", size = 492068, upload-time = "2026-01-14T17:52:42.561Z" },
    { url = "https://files.pythonhosted.org/packages/b8/8d/297e5410c4aba87c0c5c7760e1ffa34f9d4bec0bd3b264073c5f6d251ab1/regex-2026.1.14-cp314-cp314t-macosx_10_13_x86_64.whl", hash = "sha256:c47239a9736f6082540f91f77dd634a7771eac1e8720bc35ef274d8ea0a72b90", size = 292752, upload-time = "2026-01-14T17:52:44.414Z" },
    { url = "https://files.pythonhosted.org/packages/5c/8d/d9efc9580631603255856b306e4a19c6c3b45491a793ce60a4de76118831/regex-2026.1.14-cp314-cp314t-macosx_11_0_arm64.whl", hash = "sha256:ac5dcb96ed037c692eb40b0c96bd5ba588f07fd898bd14e111c751a4bf195b21", size = 291118, upload-time = "2026-01-14T17:52:46.315Z" },
    { url = "https://files.pythonhosted.org/packages/ac/cd/89735cc17f41667bf1cb7fb341109eb19ada117ef0a8e8882a9396de68f0/regex-2026.1.14-cp314-cp314t-manylinux2014_aarch64.manylinux_2_17_aarch64.manylinux_2_28_aarch64.whl", hash = "sha256:98af87df5496a39a7f4fa619568a12e0b719af25e75ecbd968a671609fda3702", size = 807759, upload-time = "2026-01-14T17:52:47.771Z" },
    { url = "https://files.pythonhosted.org/packages/bf/2d/e5db572360c76b335d578a4bec6437b302e1f170722b1f0c79c7295ec169/regex-2026.1.14-cp314-cp314t-manylinux2014_ppc64le.manylinux_2_17_ppc64le.manylinux_2_28_ppc64le.whl", hash = "sha256:670d6865632ef2ad1ba0f326b4eb714107b71e3ea9a48a2564d407834273e2da", size = 873536, upload-time = "2026-01-14T17:52:49.695Z" },
    { url = "https://files.pythonhosted.org/packages/b3/a1/704748140afb90045c3d635cd1929e15b821627ef7a1b4ae22fe3c1cf18a/regex-2026.1.14-cp314-cp314t-manylinux2014_s390x.manylinux_2_17_s390x.manylinux_2_28_s390x.whl", hash = "sha256:aa783080add7cedbeb8c11e8c7e3efb9353b7c183701548fae70ec44b7b886cd", size = 915064, upload-time = "2026-01-14T17:52:51.199Z" },
    { url = "https://files.pythonhosted.org/packages/7c/5a/00699f1bcc8f5aaf9cae4b1f673c1a3ba5256ea2d4d53f8f21319976cd25/regex-2026.1.14-cp314-cp314t-manylinux2014_x86_64.manylinux_2_17_x86_64.manylinux_2_28_x86_64.whl", hash = "sha256:0aa76616ee8a1fdefa62f486324ba6fecc3059261779ebb1575a7b7ddf5fb7c9", size = 812937, upload-time = "2026-01-14T17:52:52.77Z" },
    { url = "https://files.pythonhosted.org/packages/b6/fd/c6742cb9ed24a8fe197603a6808e5641eaaa59c13a2ad8624d39d0405d82/regex-2026.1.14-cp314-cp314t-musllinux_1_2_aarch64.whl", hash = "sha256:6ff33c4e28c44de3e1877afaf55feb306093cb6cb8e49bf083cfd9bdb258e130", size = 795650, upload-time = "2026-01-14T17:52:54.717Z" },
    { url = "https://files.pythonhosted.org/packages/17/36/ccadcc5f1204529ca638c969659a9b56ef706f4eb908bbd7a9a7645793b8/regex-2026.1.14-cp314-cp314t-musllinux_1_2_ppc64le.whl", hash = "sha256:a39879c089bc84fd8ab6f02de458534e7ed8e7bf72091322ff0d8b9138f612c1", size = 868549, upload-time = "2026-01-14T17:52:56.309Z" },
    { url = "https://files.pythonhosted.org/packages/78/5e/a7b09f3031bbd0e1ab15d08277cac61193adfd62bb6d10e7ba4e69cee4e6/regex-2026.1.14-cp314-cp314t-musllinux_1_2_s390x.whl", hash = "sha256:cf0ce5cd5b0c011ec49ff51f85f5ba6ed46ecc5491fa60f803734b2e70dd32aa", size = 854779, upload-time = "2026-01-14T17:52:57.789Z" },
    { url = "https://files.pythonhosted.org/packages/de/ae/a70e39d97b9611628b1d9c3a709d24f1639bcbfa99277391864303a8cd61/regex-2026.1.14-cp314-cp314t-musllinux_1_2_x86_64.whl", hash = "sha256:a29ecdaa0f5dac290b17b61150d00646240b195dbe2950bf3de6360cf41c7cce", size = 799776, upload-time = "2026-01-14T17:52:59.344Z" },
    { url = "https://files.pythonhosted.org/packages/30/43/5789f3f398de60ce9fd743b014a7f37bac5659f2dcbdcceb093d2a8778ab/regex-2026.1.14-cp314-cp314t-win32.whl", hash = "sha256:f9874b7d8ce8f12553fff86a1b49311897a391af598d4f5d1d0f08bbf7430739", size = 274667, upload-time = "2026-01-14T17:53:00.923Z" },
    { url = "https://files.pythonhosted.org/packages/69/bf/76136bfd87fe40d840220c190dfc36114afa0e5338ffe5da2e55b238bc37/regex-2026.1.14-cp314-cp314t-win_amd64.whl", hash = "sha256:401795f2195562e87f382a477404b05e4662c365c300abdea79858719870377d", size = 284388, upload-time = "2026-01-14T17:53:02.432Z" },
    { url = "https://files.pythonhosted.org/packages/2a/80/4ffc8b077a3b5bcaa6be885e77c9d9732ee335218fc438509294120da649/regex-2026.1.14-cp314-cp314t-win_arm64.whl", hash = "sha256:3539f717f3cba7a12b8f575c86edd9ecc21bf387f3590d32d995320a397a7dcf", size = 274839, upload-time = "2026-01-14T17:53:03.827Z" },
]

[[package]]
name = "rich"
version = "14.2.0"
source = { registry = "https://pypi.org/simple" }
dependencies = [
    { name = "markdown-it-py" },
    { name = "pygments" },
]
sdist = { url = "https://files.pythonhosted.org/packages/fb/d2/8920e102050a0de7bfabeb4c4614a49248cf8d5d7a8d01885fbb24dc767a/rich-14.2.0.tar.gz", hash = "sha256:73ff50c7c0c1c77c8243079283f4edb376f0f6442433aecb8ce7e6d0b92d1fe4", size = 219990, upload-time = "2025-10-09T14:16:53.064Z" }
wheels = [
    { url = "https://files.pythonhosted.org/packages/25/7a/b0178788f8dc6cafce37a212c99565fa1fe7872c70c6c9c1e1a372d9d88f/rich-14.2.0-py3-none-any.whl", hash = "sha256:76bc51fe2e57d2b1be1f96c524b890b816e334ab4c1e45888799bfaab0021edd", size = 243393, upload-time = "2025-10-09T14:16:51.245Z" },
]

[[package]]
name = "ruff"
version = "0.14.11"
source = { registry = "https://pypi.org/simple" }
sdist = { url = "https://files.pythonhosted.org/packages/d4/77/9a7fe084d268f8855d493e5031ea03fa0af8cc05887f638bf1c4e3363eb8/ruff-0.14.11.tar.gz", hash = "sha256:f6dc463bfa5c07a59b1ff2c3b9767373e541346ea105503b4c0369c520a66958", size = 5993417, upload-time = "2026-01-08T19:11:58.322Z" }
wheels = [
    { url = "https://files.pythonhosted.org/packages/f0/a6/a4c40a5aaa7e331f245d2dc1ac8ece306681f52b636b40ef87c88b9f7afd/ruff-0.14.11-py3-none-linux_armv6l.whl", hash = "sha256:f6ff2d95cbd335841a7217bdfd9c1d2e44eac2c584197ab1385579d55ff8830e", size = 12951208, upload-time = "2026-01-08T19:12:09.218Z" },
    { url = "https://files.pythonhosted.org/packages/5c/5c/360a35cb7204b328b685d3129c08aca24765ff92b5a7efedbdd6c150d555/ruff-0.14.11-py3-none-macosx_10_12_x86_64.whl", hash = "sha256:6f6eb5c1c8033680f4172ea9c8d3706c156223010b8b97b05e82c59bdc774ee6", size = 13330075, upload-time = "2026-01-08T19:12:02.549Z" },
    { url = "https://files.pythonhosted.org/packages/1b/9e/0cc2f1be7a7d33cae541824cf3f95b4ff40d03557b575912b5b70273c9ec/ruff-0.14.11-py3-none-macosx_11_0_arm64.whl", hash = "sha256:f2fc34cc896f90080fca01259f96c566f74069a04b25b6205d55379d12a6855e", size = 12257809, upload-time = "2026-01-08T19:12:00.366Z" },
    { url = "https://files.pythonhosted.org/packages/a7/e5/5faab97c15bb75228d9f74637e775d26ac703cc2b4898564c01ab3637c02/ruff-0.14.11-py3-none-manylinux_2_17_aarch64.manylinux2014_aarch64.whl", hash = "sha256:53386375001773ae812b43205d6064dae49ff0968774e6befe16a994fc233caa", size = 12678447, upload-time = "2026-01-08T19:12:13.899Z" },
    { url = "https://files.pythonhosted.org/packages/1b/33/e9767f60a2bef779fb5855cab0af76c488e0ce90f7bb7b8a45c8a2ba4178/ruff-0.14.11-py3-none-manylinux_2_17_armv7l.manylinux2014_armv7l.whl", hash = "sha256:a697737dce1ca97a0a55b5ff0434ee7205943d4874d638fe3ae66166ff46edbe", size = 12758560, upload-time = "2026-01-08T19:11:42.55Z" },
    { url = "https://files.pythonhosted.org/packages/eb/84/4c6cf627a21462bb5102f7be2a320b084228ff26e105510cd2255ea868e5/ruff-0.14.11-py3-none-manylinux_2_17_i686.manylinux2014_i686.whl", hash = "sha256:6845ca1da8ab81ab1dce755a32ad13f1db72e7fba27c486d5d90d65e04d17b8f", size = 13599296, upload-time = "2026-01-08T19:11:30.371Z" },
    { url = "https://files.pythonhosted.org/packages/88/e1/92b5ed7ea66d849f6157e695dc23d5d6d982bd6aa8d077895652c38a7cae/ruff-0.14.11-py3-none-manylinux_2_17_ppc64.manylinux2014_ppc64.whl", hash = "sha256:e36ce2fd31b54065ec6f76cb08d60159e1b32bdf08507862e32f47e6dde8bcbf", size = 15048981, upload-time = "2026-01-08T19:12:04.742Z" },
    { url = "https://files.pythonhosted.org/packages/61/df/c1bd30992615ac17c2fb64b8a7376ca22c04a70555b5d05b8f717163cf9f/ruff-0.14.11-py3-none-manylinux_2_17_ppc64le.manylinux2014_ppc64le.whl", hash = "sha256:590bcc0e2097ecf74e62a5c10a6b71f008ad82eb97b0a0079e85defe19fe74d9", size = 14633183, upload-time = "2026-01-08T19:11:40.069Z" },
    { url = "https://files.pythonhosted.org/packages/04/e9/fe552902f25013dd28a5428a42347d9ad20c4b534834a325a28305747d64/ruff-0.14.11-py3-none-manylinux_2_17_s390x.manylinux2014_s390x.whl", hash = "sha256:53fe71125fc158210d57fe4da26e622c9c294022988d08d9347ec1cf782adafe", size = 14050453, upload-time = "2026-01-08T19:11:37.555Z" },
    { url = "https://files.pythonhosted.org/packages/ae/93/f36d89fa021543187f98991609ce6e47e24f35f008dfe1af01379d248a41/ruff-0.14.11-py3-none-manylinux_2_17_x86_64.manylinux2014_x86_64.whl", hash = "sha256:a35c9da08562f1598ded8470fcfef2afb5cf881996e6c0a502ceb61f4bc9c8a3", size = 13757889, upload-time = "2026-01-08T19:12:07.094Z" },
    { url = "https://files.pythonhosted.org/packages/b7/9f/c7fb6ecf554f28709a6a1f2a7f74750d400979e8cd47ed29feeaa1bd4db8/ruff-0.14.11-py3-none-manylinux_2_31_riscv64.whl", hash = "sha256:0f3727189a52179393ecf92ec7057c2210203e6af2676f08d92140d3e1ee72c1", size = 13955832, upload-time = "2026-01-08T19:11:55.064Z" },
    { url = "https://files.pythonhosted.org/packages/db/a0/153315310f250f76900a98278cf878c64dfb6d044e184491dd3289796734/ruff-0.14.11-py3-none-musllinux_1_2_aarch64.whl", hash = "sha256:eb09f849bd37147a789b85995ff734a6c4a095bed5fd1608c4f56afc3634cde2", size = 12586522, upload-time = "2026-01-08T19:11:35.356Z" },
    { url = "https://files.pythonhosted.org/packages/2f/2b/a73a2b6e6d2df1d74bf2b78098be1572191e54bec0e59e29382d13c3adc5/ruff-0.14.11-py3-none-musllinux_1_2_armv7l.whl", hash = "sha256:c61782543c1231bf71041461c1f28c64b961d457d0f238ac388e2ab173d7ecb7", size = 12724637, upload-time = "2026-01-08T19:11:47.796Z" },
    { url = "https://files.pythonhosted.org/packages/f0/41/09100590320394401cd3c48fc718a8ba71c7ddb1ffd07e0ad6576b3a3df2/ruff-0.14.11-py3-none-musllinux_1_2_i686.whl", hash = "sha256:82ff352ea68fb6766140381748e1f67f83c39860b6446966cff48a315c3e2491", size = 13145837, upload-time = "2026-01-08T19:11:32.87Z" },
    { url = "https://files.pythonhosted.org/packages/3b/d8/e035db859d1d3edf909381eb8ff3e89a672d6572e9454093538fe6f164b0/ruff-0.14.11-py3-none-musllinux_1_2_x86_64.whl", hash = "sha256:728e56879df4ca5b62a9dde2dd0eb0edda2a55160c0ea28c4025f18c03f86984", size = 13850469, upload-time = "2026-01-08T19:12:11.694Z" },
    { url = "https://files.pythonhosted.org/packages/4e/02/bb3ff8b6e6d02ce9e3740f4c17dfbbfb55f34c789c139e9cd91985f356c7/ruff-0.14.11-py3-none-win32.whl", hash = "sha256:337c5dd11f16ee52ae217757d9b82a26400be7efac883e9e852646f1557ed841", size = 12851094, upload-time = "2026-01-08T19:11:45.163Z" },
    { url = "https://files.pythonhosted.org/packages/58/f1/90ddc533918d3a2ad628bc3044cdfc094949e6d4b929220c3f0eb8a1c998/ruff-0.14.11-py3-none-win_amd64.whl", hash = "sha256:f981cea63d08456b2c070e64b79cb62f951aa1305282974d4d5216e6e0178ae6", size = 14001379, upload-time = "2026-01-08T19:11:52.591Z" },
    { url = "https://files.pythonhosted.org/packages/c4/1c/1dbe51782c0e1e9cfce1d1004752672d2d4629ea46945d19d731ad772b3b/ruff-0.14.11-py3-none-win_arm64.whl", hash = "sha256:649fb6c9edd7f751db276ef42df1f3df41c38d67d199570ae2a7bd6cbc3590f0", size = 12938644, upload-time = "2026-01-08T19:11:50.027Z" },
]

[[package]]
name = "strif"
version = "3.0.1"
source = { registry = "https://pypi.org/simple" }
sdist = { url = "https://files.pythonhosted.org/packages/5c/63/bf90e5632aea866c1bbd2567f04a7026191728c648ecf44ff489829898a3/strif-3.0.1.tar.gz", hash = "sha256:a312ea9540062ccd386132ac2eece93c0c4adaeb25a5f5da11eed7867b1ff31e", size = 33981, upload-time = "2025-05-04T18:40:27.713Z" }
wheels = [
    { url = "https://files.pythonhosted.org/packages/a4/fd/94ebfa518f46b473d238a8ad5837ce75cfe4ea0ce5a91544a88198d8a8d3/strif-3.0.1-py3-none-any.whl", hash = "sha256:5dca44af3ff2f8a947a0398b619d138014f4d29a5aaf6c7e73fe7bec5f5973da", size = 18446, upload-time = "2025-05-04T18:40:26.07Z" },
]

[[package]]
name = "termcolor"
version = "3.3.0"
source = { registry = "https://pypi.org/simple" }
sdist = { url = "https://files.pythonhosted.org/packages/46/79/cf31d7a93a8fdc6aa0fbb665be84426a8c5a557d9240b6239e9e11e35fc5/termcolor-3.3.0.tar.gz", hash = "sha256:348871ca648ec6a9a983a13ab626c0acce02f515b9e1983332b17af7979521c5", size = 14434, upload-time = "2025-12-29T12:55:21.882Z" }
wheels = [
    { url = "https://files.pythonhosted.org/packages/33/d1/8bb87d21e9aeb323cc03034f5eaf2c8f69841e40e4853c2627edf8111ed3/termcolor-3.3.0-py3-none-any.whl", hash = "sha256:cf642efadaf0a8ebbbf4bc7a31cec2f9b5f21a9f726f4ccbb08192c9c26f43a5", size = 7734, upload-time = "2025-12-29T12:55:20.718Z" },
]

[[package]]
name = "types-regex"
version = "2026.7.19.20260720"
source = { registry = "https://pypi.org/simple" }
sdist = { url = "https://files.pythonhosted.org/packages/00/bc/825471e08455b037c40d2c80fe9f93a574fcfef0b2e6c6fc2e248ada4adb/types_regex-2026.7.19.20260720.tar.gz", hash = "sha256:49ab8261bd46fa215245b9cb0d2fed1c1056fbdc763303714f6132208909afcf", size = 13473, upload-time = "2026-07-20T05:27:00.203Z" }
wheels = [
    { url = "https://files.pythonhosted.org/packages/b0/1a/9bbd3eace00c2562556570d2464afe843ef5f8118df17aee5f36fed5948f/types_regex-2026.7.19.20260720-py3-none-any.whl", hash = "sha256:70e76f05d8ef60f00227e50351f1cb81552d1cdf3fdf77350f7063c911ee26da", size = 11147, upload-time = "2026-07-20T05:26:59.245Z" },
]

[[package]]
name = "typing-extensions"
version = "4.15.0"
source = { registry = "https://pypi.org/simple" }
sdist = { url = "https://files.pythonhosted.org/packages/72/94/1a15dd82efb362ac84269196e94cf00f187f7ed21c242792a923cdb1c61f/typing_extensions-4.15.0.tar.gz", hash = "sha256:0cea48d173cc12fa28ecabc3b837ea3cf6f38c6d1136f85cbaaf598984861466", size = 109391, upload-time = "2025-08-25T13:49:26.313Z" }
wheels = [
    { url = "https://files.pythonhosted.org/packages/18/67/36e9267722cc04a6b9f15c7f3441c2363321a3ea07da7ae0c0707beb2a9c/typing_extensions-4.15.0-py3-none-any.whl", hash = "sha256:f0fa19c6845758ab08074a0cfa8b7aecb71c999ca73d62883bc25cc018c4e548", size = 44614, upload-time = "2025-08-25T13:49:24.86Z" },
]
